// !$*UTF8*$!
{
	archiveVersion = 1;
	classes = {
	};
	objectVersion = 55;
	objects = {

/* Begin PBXBuildFile section */
		1FEAFBAD27B66E7600F62F71 /* advent_of_code_2015App.swift in Sources */ = {isa = PBXBuildFile; fileRef = 1FEAFBAC27B66E7600F62F71 /* advent_of_code_2015App.swift */; };
		1FEAFBAF27B66E7600F62F71 /* ContentView.swift in Sources */ = {isa = PBXBuildFile; fileRef = 1FEAFBAE27B66E7600F62F71 /* ContentView.swift */; };
		1FEAFBB127B66E7700F62F71 /* Assets.xcassets in Resources */ = {isa = PBXBuildFile; fileRef = 1FEAFBB027B66E7700F62F71 /* Assets.xcassets */; };
		1FEAFBB427B66E7700F62F71 /* Preview Assets.xcassets in Resources */ = {isa = PBXBuildFile; fileRef = 1FEAFBB327B66E7700F62F71 /* Preview Assets.xcassets */; };
		1FEAFBBE27B66E7700F62F71 /* advent_of_code_2015Tests.swift in Sources */ = {isa = PBXBuildFile; fileRef = 1FEAFBBD27B66E7700F62F71 /* advent_of_code_2015Tests.swift */; };
		1FEAFBC827B66E7700F62F71 /* advent_of_code_2015UITests.swift in Sources */ = {isa = PBXBuildFile; fileRef = 1FEAFBC727B66E7700F62F71 /* advent_of_code_2015UITests.swift */; };
		1FEAFBCA27B66E7700F62F71 /* advent_of_code_2015UITestsLaunchTests.swift in Sources */ = {isa = PBXBuildFile; fileRef = 1FEAFBC927B66E7700F62F71 /* advent_of_code_2015UITestsLaunchTests.swift */; };
/* End PBXBuildFile section */

/* Begin PBXContainerItemProxy section */
		1FEAFBBA27B66E7700F62F71 /* PBXContainerItemProxy */ = {
			isa = PBXContainerItemProxy;
			containerPortal = 1FEAFBA127B66E7600F62F71 /* Project object */;
			proxyType = 1;
			remoteGlobalIDString = 1FEAFBA827B66E7600F62F71;
			remoteInfo = "advent-of-code-2015";
		};
		1FEAFBC427B66E7700F62F71 /* PBXContainerItemProxy */ = {
			isa = PBXContainerItemProxy;
			containerPortal = 1FEAFBA127B66E7600F62F71 /* Project object */;
			proxyType = 1;
			remoteGlobalIDString = 1FEAFBA827B66E7600F62F71;
			remoteInfo = "advent-of-code-2015";
		};
/* End PBXContainerItemProxy section */

/* Begin PBXFileReference section */
		1FEAFBA927B66E7600F62F71 /* advent-of-code-2015.app */ = {isa = PBXFileReference; explicitFileType = wrapper.application; includeInIndex = 0; path = "advent-of-code-2015.app"; sourceTree = BUILT_PRODUCTS_DIR; };
		1FEAFBAC27B66E7600F62F71 /* advent_of_code_2015App.swift */ = {isa = PBXFileReference; lastKnownFileType = sourcecode.swift; path = advent_of_code_2015App.swift; sourceTree = "<group>"; };
		1FEAFBAE27B66E7600F62F71 /* ContentView.swift */ = {isa = PBXFileReference; lastKnownFileType = sourcecode.swift; path = ContentView.swift; sourceTree = "<group>"; };
		1FEAFBB027B66E7700F62F71 /* Assets.xcassets */ = {isa = PBXFileReference; lastKnownFileType = folder.assetcatalog; path = Assets.xcassets; sourceTree = "<group>"; };
		1FEAFBB327B66E7700F62F71 /* Preview Assets.xcassets */ = {isa = PBXFileReference; lastKnownFileType = folder.assetcatalog; path = "Preview Assets.xcassets"; sourceTree = "<group>"; };
		1FEAFBB927B66E7700F62F71 /* advent-of-code-2015Tests.xctest */ = {isa = PBXFileReference; explicitFileType = wrapper.cfbundle; includeInIndex = 0; path = "advent-of-code-2015Tests.xctest"; sourceTree = BUILT_PRODUCTS_DIR; };
		1FEAFBBD27B66E7700F62F71 /* advent_of_code_2015Tests.swift */ = {isa = PBXFileReference; lastKnownFileType = sourcecode.swift; path = advent_of_code_2015Tests.swift; sourceTree = "<group>"; };
		1FEAFBC327B66E7700F62F71 /* advent-of-code-2015UITests.xctest */ = {isa = PBXFileReference; explicitFileType = wrapper.cfbundle; includeInIndex = 0; path = "advent-of-code-2015UITests.xctest"; sourceTree = BUILT_PRODUCTS_DIR; };
		1FEAFBC727B66E7700F62F71 /* advent_of_code_2015UITests.swift */ = {isa = PBXFileReference; lastKnownFileType = sourcecode.swift; path = advent_of_code_2015UITests.swift; sourceTree = "<group>"; };
		1FEAFBC927B66E7700F62F71 /* advent_of_code_2015UITestsLaunchTests.swift */ = {isa = PBXFileReference; lastKnownFileType = sourcecode.swift; path = advent_of_code_2015UITestsLaunchTests.swift; sourceTree = "<group>"; };
/* End PBXFileReference section */

/* Begin PBXFrameworksBuildPhase section */
		1FEAFBA627B66E7600F62F71 /* Frameworks */ = {
			isa = PBXFrameworksBuildPhase;
			buildActionMask = 2147483647;
			files = (
			);
			runOnlyForDeploymentPostprocessing = 0;
		};
		1FEAFBB627B66E7700F62F71 /* Frameworks */ = {
			isa = PBXFrameworksBuildPhase;
			buildActionMask = 2147483647;
			files = (
			);
			runOnlyForDeploymentPostprocessing = 0;
		};
		1FEAFBC027B66E7700F62F71 /* Frameworks */ = {
			isa = PBXFrameworksBuildPhase;
			buildActionMask = 2147483647;
			files = (
			);
			runOnlyForDeploymentPostprocessing = 0;
		};
/* End PBXFrameworksBuildPhase section */

/* Begin PBXGroup section */
		1FEAFBA027B66E7600F62F71 = {
			isa = PBXGroup;
			children = (
				1FEAFBAB27B66E7600F62F71 /* advent-of-code-2015 */,
				1FEAFBBC27B66E7700F62F71 /* advent-of-code-2015Tests */,
				1FEAFBC627B66E7700F62F71 /* advent-of-code-2015UITests */,
				1FEAFBAA27B66E7600F62F71 /* Products */,
			);
			sourceTree = "<group>";
		};
		1FEAFBAA27B66E7600F62F71 /* Products */ = {
			isa = PBXGroup;
			children = (
				1FEAFBA927B66E7600F62F71 /* advent-of-code-2015.app */,
				1FEAFBB927B66E7700F62F71 /* advent-of-code-2015Tests.xctest */,
				1FEAFBC327B66E7700F62F71 /* advent-of-code-2015UITests.xctest */,
			);
			name = Products;
			sourceTree = "<group>";
		};
		1FEAFBAB27B66E7600F62F71 /* advent-of-code-2015 */ = {
			isa = PBXGroup;
			children = (
				1FEAFBAC27B66E7600F62F71 /* advent_of_code_2015App.swift */,
				1FEAFBAE27B66E7600F62F71 /* ContentView.swift */,
				1FEAFBB027B66E7700F62F71 /* Assets.xcassets */,
				1FEAFBB227B66E7700F62F71 /* Preview Content */,
			);
			path = "advent-of-code-2015";
			sourceTree = "<group>";
		};
		1FEAFBB227B66E7700F62F71 /* Preview Content */ = {
			isa = PBXGroup;
			children = (
				1FEAFBB327B66E7700F62F71 /* Preview Assets.xcassets */,
			);
			path = "Preview Content";
			sourceTree = "<group>";
		};
		1FEAFBBC27B66E7700F62F71 /* advent-of-code-2015Tests */ = {
			isa = PBXGroup;
			children = (
				1FEAFBBD27B66E7700F62F71 /* advent_of_code_2015Tests.swift */,
			);
			path = "advent-of-code-2015Tests";
			sourceTree = "<group>";
		};
		1FEAFBC627B66E7700F62F71 /* advent-of-code-2015UITests */ = {
			isa = PBXGroup;
			children = (
				1FEAFBC727B66E7700F62F71 /* advent_of_code_2015UITests.swift */,
				1FEAFBC927B66E7700F62F71 /* advent_of_code_2015UITestsLaunchTests.swift */,
			);
			path = "advent-of-code-2015UITests";
			sourceTree = "<group>";
		};
/* End PBXGroup section */

/* Begin PBXNativeTarget section */
		1FEAFBA827B66E7600F62F71 /* advent-of-code-2015 */ = {
			isa = PBXNativeTarget;
			buildConfigurationList = 1FEAFBCD27B66E7700F62F71 /* Build configuration list for PBXNativeTarget "advent-of-code-2015" */;
			buildPhases = (
				1FEAFBA527B66E7600F62F71 /* Sources */,
				1FEAFBA627B66E7600F62F71 /* Frameworks */,
				1FEAFBA727B66E7600F62F71 /* Resources */,
			);
			buildRules = (
			);
			dependencies = (
			);
			name = "advent-of-code-2015";
			productName = "advent-of-code-2015";
			productReference = 1FEAFBA927B66E7600F62F71 /* advent-of-code-2015.app */;
			productType = "com.apple.product-type.application";
		};
		1FEAFBB827B66E7700F62F71 /* advent-of-code-2015Tests */ = {
			isa = PBXNativeTarget;
			buildConfigurationList = 1FEAFBD027B66E7700F62F71 /* Build configuration list for PBXNativeTarget "advent-of-code-2015Tests" */;
			buildPhases = (
				1FEAFBB527B66E7700F62F71 /* Sources */,
				1FEAFBB627B66E7700F62F71 /* Frameworks */,
				1FEAFBB727B66E7700F62F71 /* Resources */,
			);
			buildRules = (
			);
			dependencies = (
				1FEAFBBB27B66E7700F62F71 /* PBXTargetDependency */,
			);
			name = "advent-of-code-2015Tests";
			productName = "advent-of-code-2015Tests";
			productReference = 1FEAFBB927B66E7700F62F71 /* advent-of-code-2015Tests.xctest */;
			productType = "com.apple.product-type.bundle.unit-test";
		};
		1FEAFBC227B66E7700F62F71 /* advent-of-code-2015UITests */ = {
			isa = PBXNativeTarget;
			buildConfigurationList = 1FEAFBD327B66E7700F62F71 /* Build configuration list for PBXNativeTarget "advent-of-code-2015UITests" */;
			buildPhases = (
				1FEAFBBF27B66E7700F62F71 /* Sources */,
				1FEAFBC027B66E7700F62F71 /* Frameworks */,
				1FEAFBC127B66E7700F62F71 /* Resources */,
			);
			buildRules = (
			);
			dependencies = (
				1FEAFBC527B66E7700F62F71 /* PBXTargetDependency */,
			);
			name = "advent-of-code-2015UITests";
			productName = "advent-of-code-2015UITests";
			productReference = 1FEAFBC327B66E7700F62F71 /* advent-of-code-2015UITests.xctest */;
			productType = "com.apple.product-type.bundle.ui-testing";
		};
/* End PBXNativeTarget section */

/* Begin PBXProject section */
		1FEAFBA127B66E7600F62F71 /* Project object */ = {
			isa = PBXProject;
			attributes = {
				BuildIndependentTargetsInParallel = 1;
				LastSwiftUpdateCheck = 1320;
				LastUpgradeCheck = 1320;
				TargetAttributes = {
					1FEAFBA827B66E7600F62F71 = {
						CreatedOnToolsVersion = 13.2.1;
					};
					1FEAFBB827B66E7700F62F71 = {
						CreatedOnToolsVersion = 13.2.1;
						TestTargetID = 1FEAFBA827B66E7600F62F71;
					};
					1FEAFBC227B66E7700F62F71 = {
						CreatedOnToolsVersion = 13.2.1;
						TestTargetID = 1FEAFBA827B66E7600F62F71;
					};
				};
			};
			buildConfigurationList = 1FEAFBA427B66E7600F62F71 /* Build configuration list for PBXProject "advent-of-code-2015" */;
			compatibilityVersion = "Xcode 13.0";
			developmentRegion = en;
			hasScannedForEncodings = 0;
			knownRegions = (
				en,
				Base,
			);
			mainGroup = 1FEAFBA027B66E7600F62F71;
			productRefGroup = 1FEAFBAA27B66E7600F62F71 /* Products */;
			projectDirPath = "";
			projectRoot = "";
			targets = (
				1FEAFBA827B66E7600F62F71 /* advent-of-code-2015 */,
				1FEAFBB827B66E7700F62F71 /* advent-of-code-2015Tests */,
				1FEAFBC227B66E7700F62F71 /* advent-of-code-2015UITests */,
			);
		};
/* End PBXProject section */

/* Begin PBXResourcesBuildPhase section */
		1FEAFBA727B66E7600F62F71 /* Resources */ = {
			isa = PBXResourcesBuildPhase;
			buildActionMask = 2147483647;
			files = (
				1FEAFBB427B66E7700F62F71 /* Preview Assets.xcassets in Resources */,
				1FEAFBB127B66E7700F62F71 /* Assets.xcassets in Resources */,
			);
			runOnlyForDeploymentPostprocessing = 0;
		};
		1FEAFBB727B66E7700F62F71 /* Resources */ = {
			isa = PBXResourcesBuildPhase;
			buildActionMask = 2147483647;
			files = (
			);
			runOnlyForDeploymentPostprocessing = 0;
		};
		1FEAFBC127B66E7700F62F71 /* Resources */ = {
			isa = PBXResourcesBuildPhase;
			buildActionMask = 2147483647;
			files = (
			);
			runOnlyForDeploymentPostprocessing = 0;
		};
/* End PBXResourcesBuildPhase section */

/* Begin PBXSourcesBuildPhase section */
		1FEAFBA527B66E7600F62F71 /* Sources */ = {
			isa = PBXSourcesBuildPhase;
			buildActionMask = 2147483647;
			files = (
				1FEAFBAF27B66E7600F62F71 /* ContentView.swift in Sources */,
				1FEAFBAD27B66E7600F62F71 /* advent_of_code_2015App.swift in Sources */,
			);
			runOnlyForDeploymentPostprocessing = 0;
		};
		1FEAFBB527B66E7700F62F71 /* Sources */ = {
			isa = PBXSourcesBuildPhase;
			buildActionMask = 2147483647;
			files = (
				1FEAFBBE27B66E7700F62F71 /* advent_of_code_2015Tests.swift in Sources */,
			);
			runOnlyForDeploymentPostprocessing = 0;
		};
		1FEAFBBF27B66E7700F62F71 /* Sources */ = {
			isa = PBXSourcesBuildPhase;
			buildActionMask = 2147483647;
			files = (
				1FEAFBCA27B66E7700F62F71 /* advent_of_code_2015UITestsLaunchTests.swift in Sources */,
				1FEAFBC827B66E7700F62F71 /* advent_of_code_2015UITests.swift in Sources */,
			);
			runOnlyForDeploymentPostprocessing = 0;
		};
/* End PBXSourcesBuildPhase section */

/* Begin PBXTargetDependency section */
		1FEAFBBB27B66E7700F62F71 /* PBXTargetDependency */ = {
			isa = PBXTargetDependency;
			target = 1FEAFBA827B66E7600F62F71 /* advent-of-code-2015 */;
			targetProxy = 1FEAFBBA27B66E7700F62F71 /* PBXContainerItemProxy */;
		};
		1FEAFBC527B66E7700F62F71 /* PBXTargetDependency */ = {
			isa = PBXTargetDependency;
			target = 1FEAFBA827B66E7600F62F71 /* advent-of-code-2015 */;
			targetProxy = 1FEAFBC427B66E7700F62F71 /* PBXContainerItemProxy */;
		};
/* End PBXTargetDependency section */

/* Begin XCBuildConfiguration section */
		1FEAFBCB27B66E7700F62F71 /* Debug */ = {
			isa = XCBuildConfiguration;
			buildSettings = {
				ALWAYS_SEARCH_USER_PATHS = NO;
				CLANG_ANALYZER_NONNULL = YES;
				CLANG_ANALYZER_NUMBER_OBJECT_CONVERSION = YES_AGGRESSIVE;
				CLANG_CXX_LANGUAGE_STANDARD = "gnu++17";
				CLANG_CXX_LIBRARY = "libc++";
				CLANG_ENABLE_MODULES = YES;
				CLANG_ENABLE_OBJC_ARC = YES;
				CLANG_ENABLE_OBJC_WEAK = YES;
				CLANG_WARN_BLOCK_CAPTURE_AUTORELEASING = YES;
				CLANG_WARN_BOOL_CONVERSION = YES;
				CLANG_WARN_COMMA = YES;
				CLANG_WARN_CONSTANT_CONVERSION = YES;
				CLANG_WARN_DEPRECATED_OBJC_IMPLEMENTATIONS = YES;
				CLANG_WARN_DIRECT_OBJC_ISA_USAGE = YES_ERROR;
				CLANG_WARN_DOCUMENTATION_COMMENTS = YES;
				CLANG_WARN_EMPTY_BODY = YES;
				CLANG_WARN_ENUM_CONVERSION = YES;
				CLANG_WARN_INFINITE_RECURSION = YES;
				CLANG_WARN_INT_CONVERSION = YES;
				CLANG_WARN_NON_LITERAL_NULL_CONVERSION = YES;
				CLANG_WARN_OBJC_IMPLICIT_RETAIN_SELF = YES;
				CLANG_WARN_OBJC_LITERAL_CONVERSION = YES;
				CLANG_WARN_OBJC_ROOT_CLASS = YES_ERROR;
				CLANG_WARN_QUOTED_INCLUDE_IN_FRAMEWORK_HEADER = YES;
				CLANG_WARN_RANGE_LOOP_ANALYSIS = YES;
				CLANG_WARN_STRICT_PROTOTYPES = YES;
				CLANG_WARN_SUSPICIOUS_MOVE = YES;
				CLANG_WARN_UNGUARDED_AVAILABILITY = YES_AGGRESSIVE;
				CLANG_WARN_UNREACHABLE_CODE = YES;
				CLANG_WARN__DUPLICATE_METHOD_MATCH = YES;
				COPY_PHASE_STRIP = NO;
				DEBUG_INFORMATION_FORMAT = dwarf;
				ENABLE_STRICT_OBJC_MSGSEND = YES;
				ENABLE_TESTABILITY = YES;
				GCC_C_LANGUAGE_STANDARD = gnu11;
				GCC_DYNAMIC_NO_PIC = NO;
				GCC_NO_COMMON_BLOCKS = YES;
				GCC_OPTIMIZATION_LEVEL = 0;
				GCC_PREPROCESSOR_DEFINITIONS = (
					"DEBUG=1",
					"$(inherited)",
				);
				GCC_WARN_64_TO_32_BIT_CONVERSION = YES;
				GCC_WARN_ABOUT_RETURN_TYPE = YES_ERROR;
				GCC_WARN_UNDECLARED_SELECTOR = YES;
				GCC_WARN_UNINITIALIZED_AUTOS = YES_AGGRESSIVE;
				GCC_WARN_UNUSED_FUNCTION = YES;
				GCC_WARN_UNUSED_VARIABLE = YES;
				IPHONEOS_DEPLOYMENT_TARGET = 15.2;
				MTL_ENABLE_DEBUG_INFO = INCLUDE_SOURCE;
				MTL_FAST_MATH = YES;
				ONLY_ACTIVE_ARCH = YES;
				SDKROOT = iphoneos;
				SWIFT_ACTIVE_COMPILATION_CONDITIONS = DEBUG;
				SWIFT_OPTIMIZATION_LEVEL = "-Onone";
			};
			name = Debug;
		};
		1FEAFBCC27B66E7700F62F71 /* Release */ = {
			isa = XCBuildConfiguration;
			buildSettings = {
				ALWAYS_SEARCH_USER_PATHS = NO;
				CLANG_ANALYZER_NONNULL = YES;
				CLANG_ANALYZER_NUMBER_OBJECT_CONVERSION = YES_AGGRESSIVE;
				CLANG_CXX_LANGUAGE_STANDARD = "gnu++17";
				CLANG_CXX_LIBRARY = "libc++";
				CLANG_ENABLE_MODULES = YES;
				CLANG_ENABLE_OBJC_ARC = YES;
				CLANG_ENABLE_OBJC_WEAK = YES;
				CLANG_WARN_BLOCK_CAPTURE_AUTORELEASING = YES;
				CLANG_WARN_BOOL_CONVERSION = YES;
				CLANG_WARN_COMMA = YES;
				CLANG_WARN_CONSTANT_CONVERSION = YES;
				CLANG_WARN_DEPRECATED_OBJC_IMPLEMENTATIONS = YES;
				CLANG_WARN_DIRECT_OBJC_ISA_USAGE = YES_ERROR;
				CLANG_WARN_DOCUMENTATION_COMMENTS = YES;
				CLANG_WARN_EMPTY_BODY = YES;
				CLANG_WARN_ENUM_CONVERSION = YES;
				CLANG_WARN_INFINITE_RECURSION = YES;
				CLANG_WARN_INT_CONVERSION = YES;
				CLANG_WARN_NON_LITERAL_NULL_CONVERSION = YES;
				CLANG_WARN_OBJC_IMPLICIT_RETAIN_SELF = YES;
				CLANG_WARN_OBJC_LITERAL_CONVERSION = YES;
				CLANG_WARN_OBJC_ROOT_CLASS = YES_ERROR;
				CLANG_WARN_QUOTED_INCLUDE_IN_FRAMEWORK_HEADER = YES;
				CLANG_WARN_RANGE_LOOP_ANALYSIS = YES;
				CLANG_WARN_STRICT_PROTOTYPES = YES;
				CLANG_WARN_SUSPICIOUS_MOVE = YES;
				CLANG_WARN_UNGUARDED_AVAILABILITY = YES_AGGRESSIVE;
				CLANG_WARN_UNREACHABLE_CODE = YES;
				CLANG_WARN__DUPLICATE_METHOD_MATCH = YES;
				COPY_PHASE_STRIP = NO;
				DEBUG_INFORMATION_FORMAT = "dwarf-with-dsym";
				ENABLE_NS_ASSERTIONS = NO;
				ENABLE_STRICT_OBJC_MSGSEND = YES;
				GCC_C_LANGUAGE_STANDARD = gnu11;
				GCC_NO_COMMON_BLOCKS = YES;
				GCC_WARN_64_TO_32_BIT_CONVERSION = YES;
				GCC_WARN_ABOUT_RETURN_TYPE = YES_ERROR;
				GCC_WARN_UNDECLARED_SELECTOR = YES;
				GCC_WARN_UNINITIALIZED_AUTOS = YES_AGGRESSIVE;
				GCC_WARN_UNUSED_FUNCTION = YES;
				GCC_WARN_UNUSED_VARIABLE = YES;
				IPHONEOS_DEPLOYMENT_TARGET = 15.2;
				MTL_ENABLE_DEBUG_INFO = NO;
				MTL_FAST_MATH = YES;
				SDKROOT = iphoneos;
				SWIFT_COMPILATION_MODE = wholemodule;
				SWIFT_OPTIMIZATION_LEVEL = "-O";
				VALIDATE_PRODUCT = YES;
			};
			name = Release;
		};
		1FEAFBCE27B66E7700F62F71 /* Debug */ = {
			isa = XCBuildConfiguration;
			buildSettings = {
				ASSETCATALOG_COMPILER_APPICON_NAME = AppIcon;
				ASSETCATALOG_COMPILER_GLOBAL_ACCENT_COLOR_NAME = AccentColor;
				CODE_SIGN_STYLE = Automatic;
				CURRENT_PROJECT_VERSION = 1;
				DEVELOPMENT_ASSET_PATHS = "\"advent-of-code-2015/Preview Content\"";
				DEVELOPMENT_TEAM = VGM5VS634S;
				ENABLE_PREVIEWS = YES;
				GENERATE_INFOPLIST_FILE = YES;
				INFOPLIST_KEY_UIApplicationSceneManifest_Generation = YES;
				INFOPLIST_KEY_UIApplicationSupportsIndirectInputEvents = YES;
				INFOPLIST_KEY_UILaunchScreen_Generation = YES;
				INFOPLIST_KEY_UISupportedInterfaceOrientations_iPad = "UIInterfaceOrientationPortrait UIInterfaceOrientationPortraitUpsideDown UIInterfaceOrientationLandscapeLeft UIInterfaceOrientationLandscapeRight";
				INFOPLIST_KEY_UISupportedInterfaceOrientations_iPhone = "UIInterfaceOrientationPortrait UIInterfaceOrientationLandscapeLeft UIInterfaceOrientationLandscapeRight";
				LD_RUNPATH_SEARCH_PATHS = (
					"$(inherited)",
					"@executable_path/Frameworks",
				);
				MARKETING_VERSION = 1.0;
				PRODUCT_BUNDLE_IDENTIFIER = "me.mugenbatscha.advent-of-code-2015";
				PRODUCT_NAME = "$(TARGET_NAME)";
				SWIFT_EMIT_LOC_STRINGS = YES;
				SWIFT_VERSION = 5.0;
				TARGETED_DEVICE_FAMILY = "1,2";
			};
			name = Debug;
		};
		1FEAFBCF27B66E7700F62F71 /* Release */ = {
			isa = XCBuildConfiguration;
			buildSettings = {
				ASSETCATALOG_COMPILER_APPICON_NAME = AppIcon;
				ASSETCATALOG_COMPILER_GLOBAL_ACCENT_COLOR_NAME = AccentColor;
				CODE_SIGN_STYLE = Automatic;
				CURRENT_PROJECT_VERSION = 1;
				DEVELOPMENT_ASSET_PATHS = "\"advent-of-code-2015/Preview Content\"";
				DEVELOPMENT_TEAM = VGM5VS634S;
				ENABLE_PREVIEWS = YES;
				GENERATE_INFOPLIST_FILE = YES;
				INFOPLIST_KEY_UIApplicationSceneManifest_Generation = YES;
				INFOPLIST_KEY_UIApplicationSupportsIndirectInputEvents = YES;
				INFOPLIST_KEY_UILaunchScreen_Generation = YES;
				INFOPLIST_KEY_UISupportedInterfaceOrientations_iPad = "UIInterfaceOrientationPortrait UIInterfaceOrientationPortraitUpsideDown UIInterfaceOrientationLandscapeLeft UIInterfaceOrientationLandscapeRight";
				INFOPLIST_KEY_UISupportedInterfaceOrientations_iPhone = "UIInterfaceOrientationPortrait UIInterfaceOrientationLandscapeLeft UIInterfaceOrientationLandscapeRight";
				LD_RUNPATH_SEARCH_PATHS = (
					"$(inherited)",
					"@executable_path/Frameworks",
				);
				MARKETING_VERSION = 1.0;
				PRODUCT_BUNDLE_IDENTIFIER = "me.mugenbatscha.advent-of-code-2015";
				PRODUCT_NAME = "$(TARGET_NAME)";
				SWIFT_EMIT_LOC_STRINGS = YES;
				SWIFT_VERSION = 5.0;
				TARGETED_DEVICE_FAMILY = "1,2";
			};
			name = Release;
		};
		1FEAFBD127B66E7700F62F71 /* Debug */ = {
			isa = XCBuildConfiguration;
			buildSettings = {
				ALWAYS_EMBED_SWIFT_STANDARD_LIBRARIES = YES;
				BUNDLE_LOADER = "$(TEST_HOST)";
				CODE_SIGN_STYLE = Automatic;
				CURRENT_PROJECT_VERSION = 1;
				DEVELOPMENT_TEAM = VGM5VS634S;
				GENERATE_INFOPLIST_FILE = YES;
				IPHONEOS_DEPLOYMENT_TARGET = 15.2;
				MARKETING_VERSION = 1.0;
				PRODUCT_BUNDLE_IDENTIFIER = "me.mugenbatscha.advent-of-code-2015Tests";
				PRODUCT_NAME = "$(TARGET_NAME)";
				SWIFT_EMIT_LOC_STRINGS = NO;
				SWIFT_VERSION = 5.0;
				TARGETED_DEVICE_FAMILY = "1,2";
				TEST_HOST = "$(BUILT_PRODUCTS_DIR)/advent-of-code-2015.app/advent-of-code-2015";
			};
			name = Debug;
		};
		1FEAFBD227B66E7700F62F71 /* Release */ = {
			isa = XCBuildConfiguration;
			buildSettings = {
				ALWAYS_EMBED_SWIFT_STANDARD_LIBRARIES = YES;
				BUNDLE_LOADER = "$(TEST_HOST)";
				CODE_SIGN_STYLE = Automatic;
				CURRENT_PROJECT_VERSION = 1;
				DEVELOPMENT_TEAM = VGM5VS634S;
				GENERATE_INFOPLIST_FILE = YES;
				IPHONEOS_DEPLOYMENT_TARGET = 15.2;
				MARKETING_VERSION = 1.0;
				PRODUCT_BUNDLE_IDENTIFIER = "me.mugenbatscha.advent-of-code-2015Tests";
				PRODUCT_NAME = "$(TARGET_NAME)";
				SWIFT_EMIT_LOC_STRINGS = NO;
				SWIFT_VERSION = 5.0;
				TARGETED_DEVICE_FAMILY = "1,2";
				TEST_HOST = "$(BUILT_PRODUCTS_DIR)/advent-of-code-2015.app/advent-of-code-2015";
			};
			name = Release;
		};
		1FEAFBD427B66E7700F62F71 /* Debug */ = {
			isa = XCBuildConfiguration;
			buildSettings = {
				ALWAYS_EMBED_SWIFT_STANDARD_LIBRARIES = YES;
				CODE_SIGN_STYLE = Automatic;
				CURRENT_PROJECT_VERSION = 1;
				DEVELOPMENT_TEAM = VGM5VS634S;
				GENERATE_INFOPLIST_FILE = YES;
				MARKETING_VERSION = 1.0;
				PRODUCT_BUNDLE_IDENTIFIER = "me.mugenbatscha.advent-of-code-2015UITests";
				PRODUCT_NAME = "$(TARGET_NAME)";
				SWIFT_EMIT_LOC_STRINGS = NO;
				SWIFT_VERSION = 5.0;
				TARGETED_DEVICE_FAMILY = "1,2";
				TEST_TARGET_NAME = "advent-of-code-2015";
			};
			name = Debug;
		};
		1FEAFBD527B66E7700F62F71 /* Release */ = {
			isa = XCBuildConfiguration;
			buildSettings = {
				ALWAYS_EMBED_SWIFT_STANDARD_LIBRARIES = YES;
				CODE_SIGN_STYLE = Automatic;
				CURRENT_PROJECT_VERSION = 1;
				DEVELOPMENT_TEAM = VGM5VS634S;
				GENERATE_INFOPLIST_FILE = YES;
				MARKETING_VERSION = 1.0;
				PRODUCT_BUNDLE_IDENTIFIER = "me.mugenbatscha.advent-of-code-2015UITests";
				PRODUCT_NAME = "$(TARGET_NAME)";
				SWIFT_EMIT_LOC_STRINGS = NO;
				SWIFT_VERSION = 5.0;
				TARGETED_DEVICE_FAMILY = "1,2";
				TEST_TARGET_NAME = "advent-of-code-2015";
			};
			name = Release;
		};
/* End XCBuildConfiguration section */

/* Begin XCConfigurationList section */
		1FEAFBA427B66E7600F62F71 /* Build configuration list for PBXProject "advent-of-code-2015" */ = {
			isa = XCConfigurationList;
			buildConfigurations = (
				1FEAFBCB27B66E7700F62F71 /* Debug */,
				1FEAFBCC27B66E7700F62F71 /* Release */,
			);
			defaultConfigurationIsVisible = 0;
			defaultConfigurationName = Release;
		};
		1FEAFBCD27B66E7700F62F71 /* Build configuration list for PBXNativeTarget "advent-of-code-2015" */ = {
			isa = XCConfigurationList;
			buildConfigurations = (
				1FEAFBCE27B66E7700F62F71 /* Debug */,
				1FEAFBCF27B66E7700F62F71 /* Release */,
			);
			defaultConfigurationIsVisible = 0;
			defaultConfigurationName = Release;
		};
		1FEAFBD027B66E7700F62F71 /* Build configuration list for PBXNativeTarget "advent-of-code-2015Tests" */ = {
			isa = XCConfigurationList;
			buildConfigurations = (
				1FEAFBD127B66E7700F62F71 /* Debug */,
				1FEAFBD227B66E7700F62F71 /* Release */,
			);
			defaultConfigurationIsVisible = 0;
			defaultConfigurationName = Release;
		};
		1FEAFBD327B66E7700F62F71 /* Build configuration list for PBXNativeTarget "advent-of-code-2015UITests" */ = {
			isa = XCConfigurationList;
			buildConfigurations = (
				1FEAFBD427B66E7700F62F71 /* Debug */,
				1FEAFBD527B66E7700F62F71 /* Release */,
			);
			defaultConfigurationIsVisible = 0;
			defaultConfigurationName = Release;
		};
/* End XCConfigurationList section */
	};
	rootObject = 1FEAFBA127B66E7600F62F71 /* Project object */;
}
